
Microsoft Visual Studio Solution File, Format Version 12.00
# Visual Studio 15
VisualStudioVersion = 15.0.28307.757
MinimumVisualStudioVersion = 10.0.40219.1
Project("{FAE04EC0-301F-11D3-BF4B-00C04F79EFBC}") = "MvcMovie", "MvcMovie\MvcMovie.csproj", "{6DFA167D-3CD1-49CE-AD1F-51535C60AA8A}"
EndProject
Global
	GlobalSection(SolutionConfigurationPlatforms) = preSolution
		Debug|Any CPU = Debug|Any CPU
		Release|Any CPU = Release|Any CPU
	EndGlobalSection
	GlobalSection(ProjectConfigurationPlatforms) = postSolution
		{6DFA167D-3CD1-49CE-AD1F-51535C60AA8A}.Debug|Any CPU.ActiveCfg = Debug|Any CPU
		{6DFA167D-3CD1-49CE-AD1F-51535C60AA8A}.Debug|Any CPU.Build.0 = Debug|Any CPU
		{6DFA167D-3CD1-49CE-AD1F-51535C60AA8A}.Release|Any CPU.ActiveCfg = Release|Any CPU
		{6DFA167D-3CD1-49CE-AD1F-51535C60AA8A}.Release|Any CPU.Build.0 = Release|Any CPU
	EndGlobalSection
	GlobalSection(SolutionProperties) = preSolution
		HideSolutionNode = FALSE
	EndGlobalSection
	GlobalSection(ExtensibilityGlobals) = postSolution
		SolutionGuid = {12878233-DBE6-4452-B0AC-851B05298DE1}
	EndGlobalSection
EndGlobal
